// !$*UTF8*$!
{
	archiveVersion = 1;
	classes = {
	};
	objectVersion = 56;
	objects = {

/* Begin PBXBuildFile section */
		B27E83F32AAEF53C0089C5B8 /* AppDelegate.swift in Sources */ = {isa = PBXBuildFile; fileRef = B27E83F22AAEF53C0089C5B8 /* AppDelegate.swift */; };
		B27E83F52AAEF53C0089C5B8 /* SceneDelegate.swift in Sources */ = {isa = PBXBuildFile; fileRef = B27E83F42AAEF53C0089C5B8 /* SceneDelegate.swift */; };
		B27E83FC2AAEF53D0089C5B8 /* Assets.xcassets in Resources */ = {isa = PBXBuildFile; fileRef = B27E83FB2AAEF53D0089C5B8 /* Assets.xcassets */; };
		B27E84132AAF51B50089C5B8 /* TabBarViewController.swift in Sources */ = {isa = PBXBuildFile; fileRef = B27E84122AAF51B50089C5B8 /* TabBarViewController.swift */; };
		B27E84162AAF53DD0089C5B8 /* ScannerViewController.swift in Sources */ = {isa = PBXBuildFile; fileRef = B27E84152AAF53DD0089C5B8 /* ScannerViewController.swift */; };
		B27E841A2AAF56D60089C5B8 /* UIColorExtensions.swift in Sources */ = {isa = PBXBuildFile; fileRef = B27E84192AAF56D60089C5B8 /* UIColorExtensions.swift */; };
		B27E841C2AAF5ADE0089C5B8 /* RecipesTableViewController.swift in Sources */ = {isa = PBXBuildFile; fileRef = B27E841B2AAF5ADE0089C5B8 /* RecipesTableViewController.swift */; };
		B27E841E2AAF5CFE0089C5B8 /* RecipesTableViewCell.swift in Sources */ = {isa = PBXBuildFile; fileRef = B27E841D2AAF5CFE0089C5B8 /* RecipesTableViewCell.swift */; };
		B27E84212AAF68370089C5B8 /* RecipesViewModel.swift in Sources */ = {isa = PBXBuildFile; fileRef = B27E84202AAF68370089C5B8 /* RecipesViewModel.swift */; };
		B27E84242AAF686F0089C5B8 /* Recipe.swift in Sources */ = {isa = PBXBuildFile; fileRef = B27E84232AAF686F0089C5B8 /* Recipe.swift */; };
		B27E84272AAF6B110089C5B8 /* NetworkRecipesFetcher.swift in Sources */ = {isa = PBXBuildFile; fileRef = B27E84262AAF6B110089C5B8 /* NetworkRecipesFetcher.swift */; };
		B27E842B2AAF6F0B0089C5B8 /* fakeData.json in Resources */ = {isa = PBXBuildFile; fileRef = B27E842A2AAF6F0B0089C5B8 /* fakeData.json */; };
		B27E842D2AAF6FE10089C5B8 /* FakeRecipesFetcher.swift in Sources */ = {isa = PBXBuildFile; fileRef = B27E842C2AAF6FE10089C5B8 /* FakeRecipesFetcher.swift */; };
		B27E84302AAF72010089C5B8 /* RecipesFetcher.swift in Sources */ = {isa = PBXBuildFile; fileRef = B27E842F2AAF72010089C5B8 /* RecipesFetcher.swift */; };
		B27E84322AAF7C9B0089C5B8 /* StringExtensions.swift in Sources */ = {isa = PBXBuildFile; fileRef = B27E84312AAF7C9B0089C5B8 /* StringExtensions.swift */; };
		B287E84E2AB3312B00AB7004 /* ShadowImageView.swift in Sources */ = {isa = PBXBuildFile; fileRef = B287E84D2AB3312B00AB7004 /* ShadowImageView.swift */; };
		B287E8532AB336FE00AB7004 /* IntExtensions.swift in Sources */ = {isa = PBXBuildFile; fileRef = B287E8522AB336FE00AB7004 /* IntExtensions.swift */; };
		B2DBF23F2AB05DBE001F053A /* PaddingLabel.swift in Sources */ = {isa = PBXBuildFile; fileRef = B2DBF23E2AB05DBE001F053A /* PaddingLabel.swift */; };
		B2DBF2432AB063B8001F053A /* ImageFetcher.swift in Sources */ = {isa = PBXBuildFile; fileRef = B2DBF2422AB063B8001F053A /* ImageFetcher.swift */; };
		B2DBF2482AB07114001F053A /* UIImageExtensions.swift in Sources */ = {isa = PBXBuildFile; fileRef = B2DBF2472AB07114001F053A /* UIImageExtensions.swift */; };
		B2DBF24A2AB09601001F053A /* ProgressLabel.swift in Sources */ = {isa = PBXBuildFile; fileRef = B2DBF2492AB09601001F053A /* ProgressLabel.swift */; };
		B2E91D7E2AB1AFFE00468E49 /* DetailsViewController.swift in Sources */ = {isa = PBXBuildFile; fileRef = B2E91D7D2AB1AFFE00468E49 /* DetailsViewController.swift */; };
		B2E91D802AB1E49900468E49 /* CAGradientLayerExtensions.swift in Sources */ = {isa = PBXBuildFile; fileRef = B2E91D7F2AB1E49900468E49 /* CAGradientLayerExtensions.swift */; };
		B2E91D822AB201E000468E49 /* FadeScrollView.swift in Sources */ = {isa = PBXBuildFile; fileRef = B2E91D812AB201E000468E49 /* FadeScrollView.swift */; };
		B2E91D842AB244B400468E49 /* UIStackViewExtensions.swift in Sources */ = {isa = PBXBuildFile; fileRef = B2E91D832AB244B400468E49 /* UIStackViewExtensions.swift */; };
		B2F225C82AB4A14D0014C768 /* DetailsViewModel.swift in Sources */ = {isa = PBXBuildFile; fileRef = B2F225C72AB4A14D0014C768 /* DetailsViewModel.swift */; };
		B2FACC622AB4492B0020030E /* NextStepButton.swift in Sources */ = {isa = PBXBuildFile; fileRef = B2FACC612AB4492B0020030E /* NextStepButton.swift */; };
/* End PBXBuildFile section */

/* Begin PBXFileReference section */
		B27E83EF2AAEF53C0089C5B8 /* RecipeBook-CoreML.app */ = {isa = PBXFileReference; explicitFileType = wrapper.application; includeInIndex = 0; path = "RecipeBook-CoreML.app"; sourceTree = BUILT_PRODUCTS_DIR; };
		B27E83F22AAEF53C0089C5B8 /* AppDelegate.swift */ = {isa = PBXFileReference; lastKnownFileType = sourcecode.swift; path = AppDelegate.swift; sourceTree = "<group>"; };
		B27E83F42AAEF53C0089C5B8 /* SceneDelegate.swift */ = {isa = PBXFileReference; lastKnownFileType = sourcecode.swift; path = SceneDelegate.swift; sourceTree = "<group>"; };
		B27E83FB2AAEF53D0089C5B8 /* Assets.xcassets */ = {isa = PBXFileReference; lastKnownFileType = folder.assetcatalog; path = Assets.xcassets; sourceTree = "<group>"; };
		B27E84002AAEF53D0089C5B8 /* Info.plist */ = {isa = PBXFileReference; lastKnownFileType = text.plist.xml; path = Info.plist; sourceTree = "<group>"; };
		B27E84122AAF51B50089C5B8 /* TabBarViewController.swift */ = {isa = PBXFileReference; lastKnownFileType = sourcecode.swift; path = TabBarViewController.swift; sourceTree = "<group>"; };
		B27E84152AAF53DD0089C5B8 /* ScannerViewController.swift */ = {isa = PBXFileReference; lastKnownFileType = sourcecode.swift; path = ScannerViewController.swift; sourceTree = "<group>"; };
		B27E84192AAF56D60089C5B8 /* UIColorExtensions.swift */ = {isa = PBXFileReference; lastKnownFileType = sourcecode.swift; path = UIColorExtensions.swift; sourceTree = "<group>"; };
		B27E841B2AAF5ADE0089C5B8 /* RecipesTableViewController.swift */ = {isa = PBXFileReference; lastKnownFileType = sourcecode.swift; path = RecipesTableViewController.swift; sourceTree = "<group>"; };
		B27E841D2AAF5CFE0089C5B8 /* RecipesTableViewCell.swift */ = {isa = PBXFileReference; lastKnownFileType = sourcecode.swift; path = RecipesTableViewCell.swift; sourceTree = "<group>"; };
		B27E84202AAF68370089C5B8 /* RecipesViewModel.swift */ = {isa = PBXFileReference; lastKnownFileType = sourcecode.swift; path = RecipesViewModel.swift; sourceTree = "<group>"; };
		B27E84232AAF686F0089C5B8 /* Recipe.swift */ = {isa = PBXFileReference; lastKnownFileType = sourcecode.swift; path = Recipe.swift; sourceTree = "<group>"; };
		B27E84262AAF6B110089C5B8 /* NetworkRecipesFetcher.swift */ = {isa = PBXFileReference; lastKnownFileType = sourcecode.swift; path = NetworkRecipesFetcher.swift; sourceTree = "<group>"; };
		B27E842A2AAF6F0B0089C5B8 /* fakeData.json */ = {isa = PBXFileReference; lastKnownFileType = text.json; path = fakeData.json; sourceTree = "<group>"; };
		B27E842C2AAF6FE10089C5B8 /* FakeRecipesFetcher.swift */ = {isa = PBXFileReference; lastKnownFileType = sourcecode.swift; path = FakeRecipesFetcher.swift; sourceTree = "<group>"; };
		B27E842F2AAF72010089C5B8 /* RecipesFetcher.swift */ = {isa = PBXFileReference; lastKnownFileType = sourcecode.swift; path = RecipesFetcher.swift; sourceTree = "<group>"; };
		B27E84312AAF7C9B0089C5B8 /* StringExtensions.swift */ = {isa = PBXFileReference; lastKnownFileType = sourcecode.swift; path = StringExtensions.swift; sourceTree = "<group>"; };
		B287E84D2AB3312B00AB7004 /* ShadowImageView.swift */ = {isa = PBXFileReference; lastKnownFileType = sourcecode.swift; path = ShadowImageView.swift; sourceTree = "<group>"; };
		B287E8522AB336FE00AB7004 /* IntExtensions.swift */ = {isa = PBXFileReference; lastKnownFileType = sourcecode.swift; path = IntExtensions.swift; sourceTree = "<group>"; };
		B2DBF23E2AB05DBE001F053A /* PaddingLabel.swift */ = {isa = PBXFileReference; lastKnownFileType = sourcecode.swift; path = PaddingLabel.swift; sourceTree = "<group>"; };
		B2DBF2422AB063B8001F053A /* ImageFetcher.swift */ = {isa = PBXFileReference; lastKnownFileType = sourcecode.swift; path = ImageFetcher.swift; sourceTree = "<group>"; };
		B2DBF2472AB07114001F053A /* UIImageExtensions.swift */ = {isa = PBXFileReference; lastKnownFileType = sourcecode.swift; path = UIImageExtensions.swift; sourceTree = "<group>"; };
		B2DBF2492AB09601001F053A /* ProgressLabel.swift */ = {isa = PBXFileReference; lastKnownFileType = sourcecode.swift; path = ProgressLabel.swift; sourceTree = "<group>"; };
		B2E91D7D2AB1AFFE00468E49 /* DetailsViewController.swift */ = {isa = PBXFileReference; lastKnownFileType = sourcecode.swift; path = DetailsViewController.swift; sourceTree = "<group>"; };
		B2E91D7F2AB1E49900468E49 /* CAGradientLayerExtensions.swift */ = {isa = PBXFileReference; lastKnownFileType = sourcecode.swift; path = CAGradientLayerExtensions.swift; sourceTree = "<group>"; };
		B2E91D812AB201E000468E49 /* FadeScrollView.swift */ = {isa = PBXFileReference; lastKnownFileType = sourcecode.swift; path = FadeScrollView.swift; sourceTree = "<group>"; };
		B2E91D832AB244B400468E49 /* UIStackViewExtensions.swift */ = {isa = PBXFileReference; lastKnownFileType = sourcecode.swift; path = UIStackViewExtensions.swift; sourceTree = "<group>"; };
		B2F225C72AB4A14D0014C768 /* DetailsViewModel.swift */ = {isa = PBXFileReference; lastKnownFileType = sourcecode.swift; path = DetailsViewModel.swift; sourceTree = "<group>"; };
		B2FACC612AB4492B0020030E /* NextStepButton.swift */ = {isa = PBXFileReference; lastKnownFileType = sourcecode.swift; path = NextStepButton.swift; sourceTree = "<group>"; tabWidth = 4; usesTabs = 0; };
/* End PBXFileReference section */

/* Begin PBXFrameworksBuildPhase section */
		B27E83EC2AAEF53C0089C5B8 /* Frameworks */ = {
			isa = PBXFrameworksBuildPhase;
			buildActionMask = 2147483647;
			files = (
			);
			runOnlyForDeploymentPostprocessing = 0;
		};
/* End PBXFrameworksBuildPhase section */

/* Begin PBXGroup section */
		B27E83E62AAEF53C0089C5B8 = {
			isa = PBXGroup;
			children = (
				B27E83F12AAEF53C0089C5B8 /* RecipeBook-CoreML */,
				B27E83F02AAEF53C0089C5B8 /* Products */,
			);
			sourceTree = "<group>";
		};
		B27E83F02AAEF53C0089C5B8 /* Products */ = {
			isa = PBXGroup;
			children = (
				B27E83EF2AAEF53C0089C5B8 /* RecipeBook-CoreML.app */,
			);
			name = Products;
			sourceTree = "<group>";
		};
		B27E83F12AAEF53C0089C5B8 /* RecipeBook-CoreML */ = {
			isa = PBXGroup;
			children = (
				B2DBF2442AB063F2001F053A /* Utilities */,
				B2DBF2402AB05DC5001F053A /* Views */,
				B27E842E2AAF71F70089C5B8 /* Protocols */,
				B27E84252AAF6B020089C5B8 /* Services */,
				B27E84222AAF68670089C5B8 /* Model */,
				B27E841F2AAF68240089C5B8 /* View Models */,
				B27E84182AAF56C60089C5B8 /* Extensions */,
				B27E84142AAF51CE0089C5B8 /* View Controllers */,
				B27E84292AAF6EEE0089C5B8 /* Resources */,
				B27E83F22AAEF53C0089C5B8 /* AppDelegate.swift */,
				B27E83F42AAEF53C0089C5B8 /* SceneDelegate.swift */,
				B27E83FB2AAEF53D0089C5B8 /* Assets.xcassets */,
				B27E84002AAEF53D0089C5B8 /* Info.plist */,
			);
			path = "RecipeBook-CoreML";
			sourceTree = "<group>";
		};
		B27E84142AAF51CE0089C5B8 /* View Controllers */ = {
			isa = PBXGroup;
			children = (
				B27E84122AAF51B50089C5B8 /* TabBarViewController.swift */,
				B27E84152AAF53DD0089C5B8 /* ScannerViewController.swift */,
				B27E841B2AAF5ADE0089C5B8 /* RecipesTableViewController.swift */,
				B27E841D2AAF5CFE0089C5B8 /* RecipesTableViewCell.swift */,
				B2E91D7D2AB1AFFE00468E49 /* DetailsViewController.swift */,
			);
			path = "View Controllers";
			sourceTree = "<group>";
		};
		B27E84182AAF56C60089C5B8 /* Extensions */ = {
			isa = PBXGroup;
			children = (
				B27E84192AAF56D60089C5B8 /* UIColorExtensions.swift */,
				B27E84312AAF7C9B0089C5B8 /* StringExtensions.swift */,
				B2DBF2472AB07114001F053A /* UIImageExtensions.swift */,
				B2E91D7F2AB1E49900468E49 /* CAGradientLayerExtensions.swift */,
				B2E91D832AB244B400468E49 /* UIStackViewExtensions.swift */,
				B287E8522AB336FE00AB7004 /* IntExtensions.swift */,
			);
			path = Extensions;
			sourceTree = "<group>";
		};
		B27E841F2AAF68240089C5B8 /* View Models */ = {
			isa = PBXGroup;
			children = (
				B27E84202AAF68370089C5B8 /* RecipesViewModel.swift */,
				B2F225C72AB4A14D0014C768 /* DetailsViewModel.swift */,
			);
			path = "View Models";
			sourceTree = "<group>";
		};
		B27E84222AAF68670089C5B8 /* Model */ = {
			isa = PBXGroup;
			children = (
				B27E84232AAF686F0089C5B8 /* Recipe.swift */,
			);
			path = Model;
			sourceTree = "<group>";
		};
		B27E84252AAF6B020089C5B8 /* Services */ = {
			isa = PBXGroup;
			children = (
				B27E84262AAF6B110089C5B8 /* NetworkRecipesFetcher.swift */,
				B27E842C2AAF6FE10089C5B8 /* FakeRecipesFetcher.swift */,
			);
			path = Services;
			sourceTree = "<group>";
		};
		B27E84292AAF6EEE0089C5B8 /* Resources */ = {
			isa = PBXGroup;
			children = (
				B27E842A2AAF6F0B0089C5B8 /* fakeData.json */,
			);
			path = Resources;
			sourceTree = "<group>";
		};
		B27E842E2AAF71F70089C5B8 /* Protocols */ = {
			isa = PBXGroup;
			children = (
				B27E842F2AAF72010089C5B8 /* RecipesFetcher.swift */,
			);
			path = Protocols;
			sourceTree = "<group>";
		};
		B2DBF2402AB05DC5001F053A /* Views */ = {
			isa = PBXGroup;
			children = (
				B2DBF23E2AB05DBE001F053A /* PaddingLabel.swift */,
				B2DBF2492AB09601001F053A /* ProgressLabel.swift */,
				B2E91D812AB201E000468E49 /* FadeScrollView.swift */,
				B287E84D2AB3312B00AB7004 /* ShadowImageView.swift */,
				B2FACC612AB4492B0020030E /* NextStepButton.swift */,
			);
			path = Views;
			sourceTree = "<group>";
		};
		B2DBF2442AB063F2001F053A /* Utilities */ = {
			isa = PBXGroup;
			children = (
				B2DBF2422AB063B8001F053A /* ImageFetcher.swift */,
			);
			path = Utilities;
			sourceTree = "<group>";
		};
/* End PBXGroup section */

/* Begin PBXNativeTarget section */
		B27E83EE2AAEF53C0089C5B8 /* RecipeBook-CoreML */ = {
			isa = PBXNativeTarget;
			buildConfigurationList = B27E84032AAEF53D0089C5B8 /* Build configuration list for PBXNativeTarget "RecipeBook-CoreML" */;
			buildPhases = (
				B27E83EB2AAEF53C0089C5B8 /* Sources */,
				B27E83EC2AAEF53C0089C5B8 /* Frameworks */,
				B27E83ED2AAEF53C0089C5B8 /* Resources */,
				B27E84172AAF552F0089C5B8 /* ShellScript */,
			);
			buildRules = (
			);
			dependencies = (
			);
			name = "RecipeBook-CoreML";
			productName = "RecipeBook-CoreML";
			productReference = B27E83EF2AAEF53C0089C5B8 /* RecipeBook-CoreML.app */;
			productType = "com.apple.product-type.application";
		};
/* End PBXNativeTarget section */

/* Begin PBXProject section */
		B27E83E72AAEF53C0089C5B8 /* Project object */ = {
			isa = PBXProject;
			attributes = {
				BuildIndependentTargetsInParallel = 1;
				LastSwiftUpdateCheck = 1430;
				LastUpgradeCheck = 1430;
				TargetAttributes = {
					B27E83EE2AAEF53C0089C5B8 = {
						CreatedOnToolsVersion = 14.3;
					};
				};
			};
			buildConfigurationList = B27E83EA2AAEF53C0089C5B8 /* Build configuration list for PBXProject "RecipeBook-CoreML" */;
			compatibilityVersion = "Xcode 14.0";
			developmentRegion = en;
			hasScannedForEncodings = 0;
			knownRegions = (
				en,
				Base,
			);
			mainGroup = B27E83E62AAEF53C0089C5B8;
			productRefGroup = B27E83F02AAEF53C0089C5B8 /* Products */;
			projectDirPath = "";
			projectRoot = "";
			targets = (
				B27E83EE2AAEF53C0089C5B8 /* RecipeBook-CoreML */,
			);
		};
/* End PBXProject section */

/* Begin PBXResourcesBuildPhase section */
		B27E83ED2AAEF53C0089C5B8 /* Resources */ = {
			isa = PBXResourcesBuildPhase;
			buildActionMask = 2147483647;
			files = (
				B27E842B2AAF6F0B0089C5B8 /* fakeData.json in Resources */,
				B27E83FC2AAEF53D0089C5B8 /* Assets.xcassets in Resources */,
			);
			runOnlyForDeploymentPostprocessing = 0;
		};
/* End PBXResourcesBuildPhase section */

/* Begin PBXShellScriptBuildPhase section */
		B27E84172AAF552F0089C5B8 /* ShellScript */ = {
			isa = PBXShellScriptBuildPhase;
			alwaysOutOfDate = 1;
			buildActionMask = 12;
			files = (
			);
			inputFileListPaths = (
			);
			inputPaths = (
			);
			outputFileListPaths = (
			);
			outputPaths = (
			);
			runOnlyForDeploymentPostprocessing = 0;
			shellPath = /bin/sh;
			shellScript = "if [[ \"$(uname -m)\" == arm64 ]]; then\n    export PATH=\"/opt/homebrew/bin:$PATH\"\nfi\n\nif which swiftlint > /dev/null; then\n  swiftlint\nelse\n  echo \"warning: SwiftLint not installed, download from https://github.com/realm/SwiftLint\"\nfi\n";
		};
/* End PBXShellScriptBuildPhase section */

/* Begin PBXSourcesBuildPhase section */
		B27E83EB2AAEF53C0089C5B8 /* Sources */ = {
			isa = PBXSourcesBuildPhase;
			buildActionMask = 2147483647;
			files = (
				B27E84212AAF68370089C5B8 /* RecipesViewModel.swift in Sources */,
				B27E84132AAF51B50089C5B8 /* TabBarViewController.swift in Sources */,
				B27E841C2AAF5ADE0089C5B8 /* RecipesTableViewController.swift in Sources */,
				B2DBF24A2AB09601001F053A /* ProgressLabel.swift in Sources */,
				B2DBF2482AB07114001F053A /* UIImageExtensions.swift in Sources */,
				B2E91D802AB1E49900468E49 /* CAGradientLayerExtensions.swift in Sources */,
				B27E83F32AAEF53C0089C5B8 /* AppDelegate.swift in Sources */,
				B27E841A2AAF56D60089C5B8 /* UIColorExtensions.swift in Sources */,
				B27E84162AAF53DD0089C5B8 /* ScannerViewController.swift in Sources */,
				B287E8532AB336FE00AB7004 /* IntExtensions.swift in Sources */,
				B27E84242AAF686F0089C5B8 /* Recipe.swift in Sources */,
				B2FACC622AB4492B0020030E /* NextStepButton.swift in Sources */,
				B2F225C82AB4A14D0014C768 /* DetailsViewModel.swift in Sources */,
				B27E84272AAF6B110089C5B8 /* NetworkRecipesFetcher.swift in Sources */,
				B2E91D842AB244B400468E49 /* UIStackViewExtensions.swift in Sources */,
				B287E84E2AB3312B00AB7004 /* ShadowImageView.swift in Sources */,
				B2DBF23F2AB05DBE001F053A /* PaddingLabel.swift in Sources */,
				B2E91D7E2AB1AFFE00468E49 /* DetailsViewController.swift in Sources */,
				B2DBF2432AB063B8001F053A /* ImageFetcher.swift in Sources */,
				B27E841E2AAF5CFE0089C5B8 /* RecipesTableViewCell.swift in Sources */,
				B27E83F52AAEF53C0089C5B8 /* SceneDelegate.swift in Sources */,
				B27E842D2AAF6FE10089C5B8 /* FakeRecipesFetcher.swift in Sources */,
				B2E91D822AB201E000468E49 /* FadeScrollView.swift in Sources */,
				B27E84322AAF7C9B0089C5B8 /* StringExtensions.swift in Sources */,
				B27E84302AAF72010089C5B8 /* RecipesFetcher.swift in Sources */,
			);
			runOnlyForDeploymentPostprocessing = 0;
		};
/* End PBXSourcesBuildPhase section */

/* Begin XCBuildConfiguration section */
		B27E84012AAEF53D0089C5B8 /* Debug */ = {
			isa = XCBuildConfiguration;
			buildSettings = {
				ALWAYS_SEARCH_USER_PATHS = NO;
				CLANG_ANALYZER_NONNULL = YES;
				CLANG_ANALYZER_NUMBER_OBJECT_CONVERSION = YES_AGGRESSIVE;
				CLANG_CXX_LANGUAGE_STANDARD = "gnu++20";
				CLANG_ENABLE_MODULES = YES;
				CLANG_ENABLE_OBJC_ARC = YES;
				CLANG_ENABLE_OBJC_WEAK = YES;
				CLANG_WARN_BLOCK_CAPTURE_AUTORELEASING = YES;
				CLANG_WARN_BOOL_CONVERSION = YES;
				CLANG_WARN_COMMA = YES;
				CLANG_WARN_CONSTANT_CONVERSION = YES;
				CLANG_WARN_DEPRECATED_OBJC_IMPLEMENTATIONS = YES;
				CLANG_WARN_DIRECT_OBJC_ISA_USAGE = YES_ERROR;
				CLANG_WARN_DOCUMENTATION_COMMENTS = YES;
				CLANG_WARN_EMPTY_BODY = YES;
				CLANG_WARN_ENUM_CONVERSION = YES;
				CLANG_WARN_INFINITE_RECURSION = YES;
				CLANG_WARN_INT_CONVERSION = YES;
				CLANG_WARN_NON_LITERAL_NULL_CONVERSION = YES;
				CLANG_WARN_OBJC_IMPLICIT_RETAIN_SELF = YES;
				CLANG_WARN_OBJC_LITERAL_CONVERSION = YES;
				CLANG_WARN_OBJC_ROOT_CLASS = YES_ERROR;
				CLANG_WARN_QUOTED_INCLUDE_IN_FRAMEWORK_HEADER = YES;
				CLANG_WARN_RANGE_LOOP_ANALYSIS = YES;
				CLANG_WARN_STRICT_PROTOTYPES = YES;
				CLANG_WARN_SUSPICIOUS_MOVE = YES;
				CLANG_WARN_UNGUARDED_AVAILABILITY = YES_AGGRESSIVE;
				CLANG_WARN_UNREACHABLE_CODE = YES;
				CLANG_WARN__DUPLICATE_METHOD_MATCH = YES;
				COPY_PHASE_STRIP = NO;
				DEBUG_INFORMATION_FORMAT = dwarf;
				ENABLE_STRICT_OBJC_MSGSEND = YES;
				ENABLE_TESTABILITY = YES;
				GCC_C_LANGUAGE_STANDARD = gnu11;
				GCC_DYNAMIC_NO_PIC = NO;
				GCC_NO_COMMON_BLOCKS = YES;
				GCC_OPTIMIZATION_LEVEL = 0;
				GCC_PREPROCESSOR_DEFINITIONS = (
					"DEBUG=1",
					"$(inherited)",
				);
				GCC_WARN_64_TO_32_BIT_CONVERSION = YES;
				GCC_WARN_ABOUT_RETURN_TYPE = YES_ERROR;
				GCC_WARN_UNDECLARED_SELECTOR = YES;
				GCC_WARN_UNINITIALIZED_AUTOS = YES_AGGRESSIVE;
				GCC_WARN_UNUSED_FUNCTION = YES;
				GCC_WARN_UNUSED_VARIABLE = YES;
				IPHONEOS_DEPLOYMENT_TARGET = 16.4;
				MTL_ENABLE_DEBUG_INFO = INCLUDE_SOURCE;
				MTL_FAST_MATH = YES;
				ONLY_ACTIVE_ARCH = YES;
				SDKROOT = iphoneos;
				SWIFT_ACTIVE_COMPILATION_CONDITIONS = DEBUG;
				SWIFT_OPTIMIZATION_LEVEL = "-Onone";
			};
			name = Debug;
		};
		B27E84022AAEF53D0089C5B8 /* Release */ = {
			isa = XCBuildConfiguration;
			buildSettings = {
				ALWAYS_SEARCH_USER_PATHS = NO;
				CLANG_ANALYZER_NONNULL = YES;
				CLANG_ANALYZER_NUMBER_OBJECT_CONVERSION = YES_AGGRESSIVE;
				CLANG_CXX_LANGUAGE_STANDARD = "gnu++20";
				CLANG_ENABLE_MODULES = YES;
				CLANG_ENABLE_OBJC_ARC = YES;
				CLANG_ENABLE_OBJC_WEAK = YES;
				CLANG_WARN_BLOCK_CAPTURE_AUTORELEASING = YES;
				CLANG_WARN_BOOL_CONVERSION = YES;
				CLANG_WARN_COMMA = YES;
				CLANG_WARN_CONSTANT_CONVERSION = YES;
				CLANG_WARN_DEPRECATED_OBJC_IMPLEMENTATIONS = YES;
				CLANG_WARN_DIRECT_OBJC_ISA_USAGE = YES_ERROR;
				CLANG_WARN_DOCUMENTATION_COMMENTS = YES;
				CLANG_WARN_EMPTY_BODY = YES;
				CLANG_WARN_ENUM_CONVERSION = YES;
				CLANG_WARN_INFINITE_RECURSION = YES;
				CLANG_WARN_INT_CONVERSION = YES;
				CLANG_WARN_NON_LITERAL_NULL_CONVERSION = YES;
				CLANG_WARN_OBJC_IMPLICIT_RETAIN_SELF = YES;
				CLANG_WARN_OBJC_LITERAL_CONVERSION = YES;
				CLANG_WARN_OBJC_ROOT_CLASS = YES_ERROR;
				CLANG_WARN_QUOTED_INCLUDE_IN_FRAMEWORK_HEADER = YES;
				CLANG_WARN_RANGE_LOOP_ANALYSIS = YES;
				CLANG_WARN_STRICT_PROTOTYPES = YES;
				CLANG_WARN_SUSPICIOUS_MOVE = YES;
				CLANG_WARN_UNGUARDED_AVAILABILITY = YES_AGGRESSIVE;
				CLANG_WARN_UNREACHABLE_CODE = YES;
				CLANG_WARN__DUPLICATE_METHOD_MATCH = YES;
				COPY_PHASE_STRIP = NO;
				DEBUG_INFORMATION_FORMAT = "dwarf-with-dsym";
				ENABLE_NS_ASSERTIONS = NO;
				ENABLE_STRICT_OBJC_MSGSEND = YES;
				GCC_C_LANGUAGE_STANDARD = gnu11;
				GCC_NO_COMMON_BLOCKS = YES;
				GCC_WARN_64_TO_32_BIT_CONVERSION = YES;
				GCC_WARN_ABOUT_RETURN_TYPE = YES_ERROR;
				GCC_WARN_UNDECLARED_SELECTOR = YES;
				GCC_WARN_UNINITIALIZED_AUTOS = YES_AGGRESSIVE;
				GCC_WARN_UNUSED_FUNCTION = YES;
				GCC_WARN_UNUSED_VARIABLE = YES;
				IPHONEOS_DEPLOYMENT_TARGET = 16.4;
				MTL_ENABLE_DEBUG_INFO = NO;
				MTL_FAST_MATH = YES;
				SDKROOT = iphoneos;
				SWIFT_COMPILATION_MODE = wholemodule;
				SWIFT_OPTIMIZATION_LEVEL = "-O";
				VALIDATE_PRODUCT = YES;
			};
			name = Release;
		};
		B27E84042AAEF53D0089C5B8 /* Debug */ = {
			isa = XCBuildConfiguration;
			buildSettings = {
				ASSETCATALOG_COMPILER_APPICON_NAME = AppIcon;
				ASSETCATALOG_COMPILER_GLOBAL_ACCENT_COLOR_NAME = AccentColor;
				CODE_SIGN_STYLE = Automatic;
				CURRENT_PROJECT_VERSION = 1;
				DEVELOPMENT_TEAM = J6U333HZ7J;
				GENERATE_INFOPLIST_FILE = YES;
				INFOPLIST_FILE = "RecipeBook-CoreML/Info.plist";
				INFOPLIST_KEY_UIApplicationSupportsIndirectInputEvents = YES;
				INFOPLIST_KEY_UILaunchStoryboardName = LaunchScreen;
				INFOPLIST_KEY_UIMainStoryboardFile = "";
				INFOPLIST_KEY_UISupportedInterfaceOrientations_iPad = "UIInterfaceOrientationPortrait UIInterfaceOrientationPortraitUpsideDown UIInterfaceOrientationLandscapeLeft UIInterfaceOrientationLandscapeRight";
				INFOPLIST_KEY_UISupportedInterfaceOrientations_iPhone = "UIInterfaceOrientationPortrait UIInterfaceOrientationLandscapeLeft UIInterfaceOrientationLandscapeRight";
				IPHONEOS_DEPLOYMENT_TARGET = 15.0;
				LD_RUNPATH_SEARCH_PATHS = (
					"$(inherited)",
					"@executable_path/Frameworks",
				);
				MARKETING_VERSION = 1.0;
				PRODUCT_BUNDLE_IDENTIFIER = "lukaszbielawski.RecipeBook-CoreML";
				PRODUCT_NAME = "$(TARGET_NAME)";
				SWIFT_EMIT_LOC_STRINGS = YES;
				SWIFT_VERSION = 5.0;
				TARGETED_DEVICE_FAMILY = "1,2";
			};
			name = Debug;
		};
		B27E84052AAEF53D0089C5B8 /* Release */ = {
			isa = XCBuildConfiguration;
			buildSettings = {
				ASSETCATALOG_COMPILER_APPICON_NAME = AppIcon;
				ASSETCATALOG_COMPILER_GLOBAL_ACCENT_COLOR_NAME = AccentColor;
				CODE_SIGN_STYLE = Automatic;
				CURRENT_PROJECT_VERSION = 1;
				DEVELOPMENT_TEAM = J6U333HZ7J;
				GENERATE_INFOPLIST_FILE = YES;
				INFOPLIST_FILE = "RecipeBook-CoreML/Info.plist";
				INFOPLIST_KEY_UIApplicationSupportsIndirectInputEvents = YES;
				INFOPLIST_KEY_UILaunchStoryboardName = LaunchScreen;
				INFOPLIST_KEY_UIMainStoryboardFile = "";
				INFOPLIST_KEY_UISupportedInterfaceOrientations_iPad = "UIInterfaceOrientationPortrait UIInterfaceOrientationPortraitUpsideDown UIInterfaceOrientationLandscapeLeft UIInterfaceOrientationLandscapeRight";
				INFOPLIST_KEY_UISupportedInterfaceOrientations_iPhone = "UIInterfaceOrientationPortrait UIInterfaceOrientationLandscapeLeft UIInterfaceOrientationLandscapeRight";
				IPHONEOS_DEPLOYMENT_TARGET = 15.0;
				LD_RUNPATH_SEARCH_PATHS = (
					"$(inherited)",
					"@executable_path/Frameworks",
				);
				MARKETING_VERSION = 1.0;
				PRODUCT_BUNDLE_IDENTIFIER = "lukaszbielawski.RecipeBook-CoreML";
				PRODUCT_NAME = "$(TARGET_NAME)";
				SWIFT_EMIT_LOC_STRINGS = YES;
				SWIFT_VERSION = 5.0;
				TARGETED_DEVICE_FAMILY = "1,2";
			};
			name = Release;
		};
/* End XCBuildConfiguration section */

/* Begin XCConfigurationList section */
		B27E83EA2AAEF53C0089C5B8 /* Build configuration list for PBXProject "RecipeBook-CoreML" */ = {
			isa = XCConfigurationList;
			buildConfigurations = (
				B27E84012AAEF53D0089C5B8 /* Debug */,
				B27E84022AAEF53D0089C5B8 /* Release */,
			);
			defaultConfigurationIsVisible = 0;
			defaultConfigurationName = Release;
		};
		B27E84032AAEF53D0089C5B8 /* Build configuration list for PBXNativeTarget "RecipeBook-CoreML" */ = {
			isa = XCConfigurationList;
			buildConfigurations = (
				B27E84042AAEF53D0089C5B8 /* Debug */,
				B27E84052AAEF53D0089C5B8 /* Release */,
			);
			defaultConfigurationIsVisible = 0;
			defaultConfigurationName = Release;
		};
/* End XCConfigurationList section */
	};
	rootObject = B27E83E72AAEF53C0089C5B8 /* Project object */;
}
